
Microsoft Visual Studio Solution File, Format Version 12.00
# Visual Studio Version 16
VisualStudioVersion = 16.0.31515.178
MinimumVisualStudioVersion = 10.0.40219.1
Project("{FAE04EC0-301F-11D3-BF4B-00C04F79EFBC}") = "AddressBook_LINQ", "AddressBook_LINQ\AddressBook_LINQ.csproj", "{ED42CCEE-E795-4905-B277-94C651F3870F}"
EndProject
Global
	GlobalSection(SolutionConfigurationPlatforms) = preSolution
		Debug|Any CPU = Debug|Any CPU
		Release|Any CPU = Release|Any CPU
	EndGlobalSection
	GlobalSection(ProjectConfigurationPlatforms) = postSolution
		{ED42CCEE-E795-4905-B277-94C651F3870F}.Debug|Any CPU.ActiveCfg = Debug|Any CPU
		{ED42CCEE-E795-4905-B277-94C651F3870F}.Debug|Any CPU.Build.0 = Debug|Any CPU
		{ED42CCEE-E795-4905-B277-94C651F3870F}.Release|Any CPU.ActiveCfg = Release|Any CPU
		{ED42CCEE-E795-4905-B277-94C651F3870F}.Release|Any CPU.Build.0 = Release|Any CPU
	EndGlobalSection
	GlobalSection(SolutionProperties) = preSolution
		HideSolutionNode = FALSE
	EndGlobalSection
	GlobalSection(ExtensibilityGlobals) = postSolution
		SolutionGuid = {5F2C93E0-A0F4-4571-9D25-A9B06C421EDC}
	EndGlobalSection
EndGlobal
